// !$*UTF8*$!
{
	archiveVersion = 1;
	classes = {
	};
	objectVersion = 56;
	objects = {

/* Begin PBXBuildFile section */
		5A07450D2BB9499E00FFF940 /* Challenge01App.swift in Sources */ = {isa = PBXBuildFile; fileRef = 5A07450C2BB9499E00FFF940 /* Challenge01App.swift */; };
		5A07450F2BB9499E00FFF940 /* ContentView.swift in Sources */ = {isa = PBXBuildFile; fileRef = 5A07450E2BB9499E00FFF940 /* ContentView.swift */; };
		5A0745112BB949A000FFF940 /* Assets.xcassets in Resources */ = {isa = PBXBuildFile; fileRef = 5A0745102BB949A000FFF940 /* Assets.xcassets */; };
		5A0745142BB949A000FFF940 /* Preview Assets.xcassets in Resources */ = {isa = PBXBuildFile; fileRef = 5A0745132BB949A000FFF940 /* Preview Assets.xcassets */; };
		5A07451E2BB949A000FFF940 /* Challenge01Tests.swift in Sources */ = {isa = PBXBuildFile; fileRef = 5A07451D2BB949A000FFF940 /* Challenge01Tests.swift */; };
		5A0745282BB949A000FFF940 /* Challenge01UITests.swift in Sources */ = {isa = PBXBuildFile; fileRef = 5A0745272BB949A000FFF940 /* Challenge01UITests.swift */; };
		5A07452A2BB949A000FFF940 /* Challenge01UITestsLaunchTests.swift in Sources */ = {isa = PBXBuildFile; fileRef = 5A0745292BB949A000FFF940 /* Challenge01UITestsLaunchTests.swift */; };
/* End PBXBuildFile section */

/* Begin PBXContainerItemProxy section */
		5A07451A2BB949A000FFF940 /* PBXContainerItemProxy */ = {
			isa = PBXContainerItemProxy;
			containerPortal = 5A0745012BB9499E00FFF940 /* Project object */;
			proxyType = 1;
			remoteGlobalIDString = 5A0745082BB9499E00FFF940;
			remoteInfo = Challenge01;
		};
		5A0745242BB949A000FFF940 /* PBXContainerItemProxy */ = {
			isa = PBXContainerItemProxy;
			containerPortal = 5A0745012BB9499E00FFF940 /* Project object */;
			proxyType = 1;
			remoteGlobalIDString = 5A0745082BB9499E00FFF940;
			remoteInfo = Challenge01;
		};
/* End PBXContainerItemProxy section */

/* Begin PBXFileReference section */
		5A0745092BB9499E00FFF940 /* Challenge01.app */ = {isa = PBXFileReference; explicitFileType = wrapper.application; includeInIndex = 0; path = Challenge01.app; sourceTree = BUILT_PRODUCTS_DIR; };
		5A07450C2BB9499E00FFF940 /* Challenge01App.swift */ = {isa = PBXFileReference; lastKnownFileType = sourcecode.swift; path = Challenge01App.swift; sourceTree = "<group>"; };
		5A07450E2BB9499E00FFF940 /* ContentView.swift */ = {isa = PBXFileReference; lastKnownFileType = sourcecode.swift; path = ContentView.swift; sourceTree = "<group>"; };
		5A0745102BB949A000FFF940 /* Assets.xcassets */ = {isa = PBXFileReference; lastKnownFileType = folder.assetcatalog; path = Assets.xcassets; sourceTree = "<group>"; };
		5A0745132BB949A000FFF940 /* Preview Assets.xcassets */ = {isa = PBXFileReference; lastKnownFileType = folder.assetcatalog; path = "Preview Assets.xcassets"; sourceTree = "<group>"; };
		5A0745192BB949A000FFF940 /* Challenge01Tests.xctest */ = {isa = PBXFileReference; explicitFileType = wrapper.cfbundle; includeInIndex = 0; path = Challenge01Tests.xctest; sourceTree = BUILT_PRODUCTS_DIR; };
		5A07451D2BB949A000FFF940 /* Challenge01Tests.swift */ = {isa = PBXFileReference; lastKnownFileType = sourcecode.swift; path = Challenge01Tests.swift; sourceTree = "<group>"; };
		5A0745232BB949A000FFF940 /* Challenge01UITests.xctest */ = {isa = PBXFileReference; explicitFileType = wrapper.cfbundle; includeInIndex = 0; path = Challenge01UITests.xctest; sourceTree = BUILT_PRODUCTS_DIR; };
		5A0745272BB949A000FFF940 /* Challenge01UITests.swift */ = {isa = PBXFileReference; lastKnownFileType = sourcecode.swift; path = Challenge01UITests.swift; sourceTree = "<group>"; };
		5A0745292BB949A000FFF940 /* Challenge01UITestsLaunchTests.swift */ = {isa = PBXFileReference; lastKnownFileType = sourcecode.swift; path = Challenge01UITestsLaunchTests.swift; sourceTree = "<group>"; };
/* End PBXFileReference section */

/* Begin PBXFrameworksBuildPhase section */
		5A0745062BB9499E00FFF940 /* Frameworks */ = {
			isa = PBXFrameworksBuildPhase;
			buildActionMask = 2147483647;
			files = (
			);
			runOnlyForDeploymentPostprocessing = 0;
		};
		5A0745162BB949A000FFF940 /* Frameworks */ = {
			isa = PBXFrameworksBuildPhase;
			buildActionMask = 2147483647;
			files = (
			);
			runOnlyForDeploymentPostprocessing = 0;
		};
		5A0745202BB949A000FFF940 /* Frameworks */ = {
			isa = PBXFrameworksBuildPhase;
			buildActionMask = 2147483647;
			files = (
			);
			runOnlyForDeploymentPostprocessing = 0;
		};
/* End PBXFrameworksBuildPhase section */

/* Begin PBXGroup section */
		5A0745002BB9499E00FFF940 = {
			isa = PBXGroup;
			children = (
				5A07450B2BB9499E00FFF940 /* Challenge01 */,
				5A07451C2BB949A000FFF940 /* Challenge01Tests */,
				5A0745262BB949A000FFF940 /* Challenge01UITests */,
				5A07450A2BB9499E00FFF940 /* Products */,
			);
			sourceTree = "<group>";
		};
		5A07450A2BB9499E00FFF940 /* Products */ = {
			isa = PBXGroup;
			children = (
				5A0745092BB9499E00FFF940 /* Challenge01.app */,
				5A0745192BB949A000FFF940 /* Challenge01Tests.xctest */,
				5A0745232BB949A000FFF940 /* Challenge01UITests.xctest */,
			);
			name = Products;
			sourceTree = "<group>";
		};
		5A07450B2BB9499E00FFF940 /* Challenge01 */ = {
			isa = PBXGroup;
			children = (
				5A07450C2BB9499E00FFF940 /* Challenge01App.swift */,
				5A07450E2BB9499E00FFF940 /* ContentView.swift */,
				5A0745102BB949A000FFF940 /* Assets.xcassets */,
				5A0745122BB949A000FFF940 /* Preview Content */,
			);
			path = Challenge01;
			sourceTree = "<group>";
		};
		5A0745122BB949A000FFF940 /* Preview Content */ = {
			isa = PBXGroup;
			children = (
				5A0745132BB949A000FFF940 /* Preview Assets.xcassets */,
			);
			path = "Preview Content";
			sourceTree = "<group>";
		};
		5A07451C2BB949A000FFF940 /* Challenge01Tests */ = {
			isa = PBXGroup;
			children = (
				5A07451D2BB949A000FFF940 /* Challenge01Tests.swift */,
			);
			path = Challenge01Tests;
			sourceTree = "<group>";
		};
		5A0745262BB949A000FFF940 /* Challenge01UITests */ = {
			isa = PBXGroup;
			children = (
				5A0745272BB949A000FFF940 /* Challenge01UITests.swift */,
				5A0745292BB949A000FFF940 /* Challenge01UITestsLaunchTests.swift */,
			);
			path = Challenge01UITests;
			sourceTree = "<group>";
		};
/* End PBXGroup section */

/* Begin PBXNativeTarget section */
		5A0745082BB9499E00FFF940 /* Challenge01 */ = {
			isa = PBXNativeTarget;
			buildConfigurationList = 5A07452D2BB949A000FFF940 /* Build configuration list for PBXNativeTarget "Challenge01" */;
			buildPhases = (
				5A0745052BB9499E00FFF940 /* Sources */,
				5A0745062BB9499E00FFF940 /* Frameworks */,
				5A0745072BB9499E00FFF940 /* Resources */,
			);
			buildRules = (
			);
			dependencies = (
			);
			name = Challenge01;
			productName = Challenge01;
			productReference = 5A0745092BB9499E00FFF940 /* Challenge01.app */;
			productType = "com.apple.product-type.application";
		};
		5A0745182BB949A000FFF940 /* Challenge01Tests */ = {
			isa = PBXNativeTarget;
			buildConfigurationList = 5A0745302BB949A000FFF940 /* Build configuration list for PBXNativeTarget "Challenge01Tests" */;
			buildPhases = (
				5A0745152BB949A000FFF940 /* Sources */,
				5A0745162BB949A000FFF940 /* Frameworks */,
				5A0745172BB949A000FFF940 /* Resources */,
			);
			buildRules = (
			);
			dependencies = (
				5A07451B2BB949A000FFF940 /* PBXTargetDependency */,
			);
			name = Challenge01Tests;
			productName = Challenge01Tests;
			productReference = 5A0745192BB949A000FFF940 /* Challenge01Tests.xctest */;
			productType = "com.apple.product-type.bundle.unit-test";
		};
		5A0745222BB949A000FFF940 /* Challenge01UITests */ = {
			isa = PBXNativeTarget;
			buildConfigurationList = 5A0745332BB949A000FFF940 /* Build configuration list for PBXNativeTarget "Challenge01UITests" */;
			buildPhases = (
				5A07451F2BB949A000FFF940 /* Sources */,
				5A0745202BB949A000FFF940 /* Frameworks */,
				5A0745212BB949A000FFF940 /* Resources */,
			);
			buildRules = (
			);
			dependencies = (
				5A0745252BB949A000FFF940 /* PBXTargetDependency */,
			);
			name = Challenge01UITests;
			productName = Challenge01UITests;
			productReference = 5A0745232BB949A000FFF940 /* Challenge01UITests.xctest */;
			productType = "com.apple.product-type.bundle.ui-testing";
		};
/* End PBXNativeTarget section */

/* Begin PBXProject section */
		5A0745012BB9499E00FFF940 /* Project object */ = {
			isa = PBXProject;
			attributes = {
				BuildIndependentTargetsInParallel = 1;
				LastSwiftUpdateCheck = 1530;
				LastUpgradeCheck = 1530;
				TargetAttributes = {
					5A0745082BB9499E00FFF940 = {
						CreatedOnToolsVersion = 15.3;
					};
					5A0745182BB949A000FFF940 = {
						CreatedOnToolsVersion = 15.3;
						TestTargetID = 5A0745082BB9499E00FFF940;
					};
					5A0745222BB949A000FFF940 = {
						CreatedOnToolsVersion = 15.3;
						TestTargetID = 5A0745082BB9499E00FFF940;
					};
				};
			};
			buildConfigurationList = 5A0745042BB9499E00FFF940 /* Build configuration list for PBXProject "Challenge01" */;
			compatibilityVersion = "Xcode 14.0";
			developmentRegion = en;
			hasScannedForEncodings = 0;
			knownRegions = (
				en,
				Base,
			);
			mainGroup = 5A0745002BB9499E00FFF940;
			productRefGroup = 5A07450A2BB9499E00FFF940 /* Products */;
			projectDirPath = "";
			projectRoot = "";
			targets = (
				5A0745082BB9499E00FFF940 /* Challenge01 */,
				5A0745182BB949A000FFF940 /* Challenge01Tests */,
				5A0745222BB949A000FFF940 /* Challenge01UITests */,
			);
		};
/* End PBXProject section */

/* Begin PBXResourcesBuildPhase section */
		5A0745072BB9499E00FFF940 /* Resources */ = {
			isa = PBXResourcesBuildPhase;
			buildActionMask = 2147483647;
			files = (
				5A0745142BB949A000FFF940 /* Preview Assets.xcassets in Resources */,
				5A0745112BB949A000FFF940 /* Assets.xcassets in Resources */,
			);
			runOnlyForDeploymentPostprocessing = 0;
		};
		5A0745172BB949A000FFF940 /* Resources */ = {
			isa = PBXResourcesBuildPhase;
			buildActionMask = 2147483647;
			files = (
			);
			runOnlyForDeploymentPostprocessing = 0;
		};
		5A0745212BB949A000FFF940 /* Resources */ = {
			isa = PBXResourcesBuildPhase;
			buildActionMask = 2147483647;
			files = (
			);
			runOnlyForDeploymentPostprocessing = 0;
		};
/* End PBXResourcesBuildPhase section */

/* Begin PBXSourcesBuildPhase section */
		5A0745052BB9499E00FFF940 /* Sources */ = {
			isa = PBXSourcesBuildPhase;
			buildActionMask = 2147483647;
			files = (
				5A07450F2BB9499E00FFF940 /* ContentView.swift in Sources */,
				5A07450D2BB9499E00FFF940 /* Challenge01App.swift in Sources */,
			);
			runOnlyForDeploymentPostprocessing = 0;
		};
		5A0745152BB949A000FFF940 /* Sources */ = {
			isa = PBXSourcesBuildPhase;
			buildActionMask = 2147483647;
			files = (
				5A07451E2BB949A000FFF940 /* Challenge01Tests.swift in Sources */,
			);
			runOnlyForDeploymentPostprocessing = 0;
		};
		5A07451F2BB949A000FFF940 /* Sources */ = {
			isa = PBXSourcesBuildPhase;
			buildActionMask = 2147483647;
			files = (
				5A0745282BB949A000FFF940 /* Challenge01UITests.swift in Sources */,
				5A07452A2BB949A000FFF940 /* Challenge01UITestsLaunchTests.swift in Sources */,
			);
			runOnlyForDeploymentPostprocessing = 0;
		};
/* End PBXSourcesBuildPhase section */

/* Begin PBXTargetDependency section */
		5A07451B2BB949A000FFF940 /* PBXTargetDependency */ = {
			isa = PBXTargetDependency;
			target = 5A0745082BB9499E00FFF940 /* Challenge01 */;
			targetProxy = 5A07451A2BB949A000FFF940 /* PBXContainerItemProxy */;
		};
		5A0745252BB949A000FFF940 /* PBXTargetDependency */ = {
			isa = PBXTargetDependency;
			target = 5A0745082BB9499E00FFF940 /* Challenge01 */;
			targetProxy = 5A0745242BB949A000FFF940 /* PBXContainerItemProxy */;
		};
/* End PBXTargetDependency section */

/* Begin XCBuildConfiguration section */
		5A07452B2BB949A000FFF940 /* Debug */ = {
			isa = XCBuildConfiguration;
			buildSettings = {
				ALWAYS_SEARCH_USER_PATHS = NO;
				ASSETCATALOG_COMPILER_GENERATE_SWIFT_ASSET_SYMBOL_EXTENSIONS = YES;
				CLANG_ANALYZER_NONNULL = YES;
				CLANG_ANALYZER_NUMBER_OBJECT_CONVERSION = YES_AGGRESSIVE;
				CLANG_CXX_LANGUAGE_STANDARD = "gnu++20";
				CLANG_ENABLE_MODULES = YES;
				CLANG_ENABLE_OBJC_ARC = YES;
				CLANG_ENABLE_OBJC_WEAK = YES;
				CLANG_WARN_BLOCK_CAPTURE_AUTORELEASING = YES;
				CLANG_WARN_BOOL_CONVERSION = YES;
				CLANG_WARN_COMMA = YES;
				CLANG_WARN_CONSTANT_CONVERSION = YES;
				CLANG_WARN_DEPRECATED_OBJC_IMPLEMENTATIONS = YES;
				CLANG_WARN_DIRECT_OBJC_ISA_USAGE = YES_ERROR;
				CLANG_WARN_DOCUMENTATION_COMMENTS = YES;
				CLANG_WARN_EMPTY_BODY = YES;
				CLANG_WARN_ENUM_CONVERSION = YES;
				CLANG_WARN_INFINITE_RECURSION = YES;
				CLANG_WARN_INT_CONVERSION = YES;
				CLANG_WARN_NON_LITERAL_NULL_CONVERSION = YES;
				CLANG_WARN_OBJC_IMPLICIT_RETAIN_SELF = YES;
				CLANG_WARN_OBJC_LITERAL_CONVERSION = YES;
				CLANG_WARN_OBJC_ROOT_CLASS = YES_ERROR;
				CLANG_WARN_QUOTED_INCLUDE_IN_FRAMEWORK_HEADER = YES;
				CLANG_WARN_RANGE_LOOP_ANALYSIS = YES;
				CLANG_WARN_STRICT_PROTOTYPES = YES;
				CLANG_WARN_SUSPICIOUS_MOVE = YES;
				CLANG_WARN_UNGUARDED_AVAILABILITY = YES_AGGRESSIVE;
				CLANG_WARN_UNREACHABLE_CODE = YES;
				CLANG_WARN__DUPLICATE_METHOD_MATCH = YES;
				COPY_PHASE_STRIP = NO;
				DEBUG_INFORMATION_FORMAT = dwarf;
				ENABLE_STRICT_OBJC_MSGSEND = YES;
				ENABLE_TESTABILITY = YES;
				ENABLE_USER_SCRIPT_SANDBOXING = YES;
				GCC_C_LANGUAGE_STANDARD = gnu17;
				GCC_DYNAMIC_NO_PIC = NO;
				GCC_NO_COMMON_BLOCKS = YES;
				GCC_OPTIMIZATION_LEVEL = 0;
				GCC_PREPROCESSOR_DEFINITIONS = (
					"DEBUG=1",
					"$(inherited)",
				);
				GCC_WARN_64_TO_32_BIT_CONVERSION = YES;
				GCC_WARN_ABOUT_RETURN_TYPE = YES_ERROR;
				GCC_WARN_UNDECLARED_SELECTOR = YES;
				GCC_WARN_UNINITIALIZED_AUTOS = YES_AGGRESSIVE;
				GCC_WARN_UNUSED_FUNCTION = YES;
				GCC_WARN_UNUSED_VARIABLE = YES;
				IPHONEOS_DEPLOYMENT_TARGET = 17.4;
				LOCALIZATION_PREFERS_STRING_CATALOGS = YES;
				MTL_ENABLE_DEBUG_INFO = INCLUDE_SOURCE;
				MTL_FAST_MATH = YES;
				ONLY_ACTIVE_ARCH = YES;
				SDKROOT = iphoneos;
				SWIFT_ACTIVE_COMPILATION_CONDITIONS = "DEBUG $(inherited)";
				SWIFT_OPTIMIZATION_LEVEL = "-Onone";
			};
			name = Debug;
		};
		5A07452C2BB949A000FFF940 /* Release */ = {
			isa = XCBuildConfiguration;
			buildSettings = {
				ALWAYS_SEARCH_USER_PATHS = NO;
				ASSETCATALOG_COMPILER_GENERATE_SWIFT_ASSET_SYMBOL_EXTENSIONS = YES;
				CLANG_ANALYZER_NONNULL = YES;
				CLANG_ANALYZER_NUMBER_OBJECT_CONVERSION = YES_AGGRESSIVE;
				CLANG_CXX_LANGUAGE_STANDARD = "gnu++20";
				CLANG_ENABLE_MODULES = YES;
				CLANG_ENABLE_OBJC_ARC = YES;
				CLANG_ENABLE_OBJC_WEAK = YES;
				CLANG_WARN_BLOCK_CAPTURE_AUTORELEASING = YES;
				CLANG_WARN_BOOL_CONVERSION = YES;
				CLANG_WARN_COMMA = YES;
				CLANG_WARN_CONSTANT_CONVERSION = YES;
				CLANG_WARN_DEPRECATED_OBJC_IMPLEMENTATIONS = YES;
				CLANG_WARN_DIRECT_OBJC_ISA_USAGE = YES_ERROR;
				CLANG_WARN_DOCUMENTATION_COMMENTS = YES;
				CLANG_WARN_EMPTY_BODY = YES;
				CLANG_WARN_ENUM_CONVERSION = YES;
				CLANG_WARN_INFINITE_RECURSION = YES;
				CLANG_WARN_INT_CONVERSION = YES;
				CLANG_WARN_NON_LITERAL_NULL_CONVERSION = YES;
				CLANG_WARN_OBJC_IMPLICIT_RETAIN_SELF = YES;
				CLANG_WARN_OBJC_LITERAL_CONVERSION = YES;
				CLANG_WARN_OBJC_ROOT_CLASS = YES_ERROR;
				CLANG_WARN_QUOTED_INCLUDE_IN_FRAMEWORK_HEADER = YES;
				CLANG_WARN_RANGE_LOOP_ANALYSIS = YES;
				CLANG_WARN_STRICT_PROTOTYPES = YES;
				CLANG_WARN_SUSPICIOUS_MOVE = YES;
				CLANG_WARN_UNGUARDED_AVAILABILITY = YES_AGGRESSIVE;
				CLANG_WARN_UNREACHABLE_CODE = YES;
				CLANG_WARN__DUPLICATE_METHOD_MATCH = YES;
				COPY_PHASE_STRIP = NO;
				DEBUG_INFORMATION_FORMAT = "dwarf-with-dsym";
				ENABLE_NS_ASSERTIONS = NO;
				ENABLE_STRICT_OBJC_MSGSEND = YES;
				ENABLE_USER_SCRIPT_SANDBOXING = YES;
				GCC_C_LANGUAGE_STANDARD = gnu17;
				GCC_NO_COMMON_BLOCKS = YES;
				GCC_WARN_64_TO_32_BIT_CONVERSION = YES;
				GCC_WARN_ABOUT_RETURN_TYPE = YES_ERROR;
				GCC_WARN_UNDECLARED_SELECTOR = YES;
				GCC_WARN_UNINITIALIZED_AUTOS = YES_AGGRESSIVE;
				GCC_WARN_UNUSED_FUNCTION = YES;
				GCC_WARN_UNUSED_VARIABLE = YES;
				IPHONEOS_DEPLOYMENT_TARGET = 17.4;
				LOCALIZATION_PREFERS_STRING_CATALOGS = YES;
				MTL_ENABLE_DEBUG_INFO = NO;
				MTL_FAST_MATH = YES;
				SDKROOT = iphoneos;
				SWIFT_COMPILATION_MODE = wholemodule;
				VALIDATE_PRODUCT = YES;
			};
			name = Release;
		};
		5A07452E2BB949A000FFF940 /* Debug */ = {
			isa = XCBuildConfiguration;
			buildSettings = {
				ASSETCATALOG_COMPILER_APPICON_NAME = AppIcon;
				ASSETCATALOG_COMPILER_GLOBAL_ACCENT_COLOR_NAME = AccentColor;
				CODE_SIGN_STYLE = Automatic;
				CURRENT_PROJECT_VERSION = 1;
				DEVELOPMENT_ASSET_PATHS = "\"Challenge01/Preview Content\"";
				DEVELOPMENT_TEAM = XH5QQL5ZUJ;
				ENABLE_PREVIEWS = YES;
				GENERATE_INFOPLIST_FILE = YES;
				INFOPLIST_KEY_UIApplicationSceneManifest_Generation = YES;
				INFOPLIST_KEY_UIApplicationSupportsIndirectInputEvents = YES;
				INFOPLIST_KEY_UILaunchScreen_Generation = YES;
				INFOPLIST_KEY_UISupportedInterfaceOrientations_iPad = "UIInterfaceOrientationPortrait UIInterfaceOrientationPortraitUpsideDown UIInterfaceOrientationLandscapeLeft UIInterfaceOrientationLandscapeRight";
				INFOPLIST_KEY_UISupportedInterfaceOrientations_iPhone = "UIInterfaceOrientationPortrait UIInterfaceOrientationLandscapeLeft UIInterfaceOrientationLandscapeRight";
				LD_RUNPATH_SEARCH_PATHS = (
					"$(inherited)",
					"@executable_path/Frameworks",
				);
				MARKETING_VERSION = 1.0;
				PRODUCT_BUNDLE_IDENTIFIER = com.vita.Challenge01;
				PRODUCT_NAME = "$(TARGET_NAME)";
				SWIFT_EMIT_LOC_STRINGS = YES;
				SWIFT_VERSION = 5.0;
				TARGETED_DEVICE_FAMILY = "1,2";
			};
			name = Debug;
		};
		5A07452F2BB949A000FFF940 /* Release */ = {
			isa = XCBuildConfiguration;
			buildSettings = {
				ASSETCATALOG_COMPILER_APPICON_NAME = AppIcon;
				ASSETCATALOG_COMPILER_GLOBAL_ACCENT_COLOR_NAME = AccentColor;
				CODE_SIGN_STYLE = Automatic;
				CURRENT_PROJECT_VERSION = 1;
				DEVELOPMENT_ASSET_PATHS = "\"Challenge01/Preview Content\"";
				DEVELOPMENT_TEAM = XH5QQL5ZUJ;
				ENABLE_PREVIEWS = YES;
				GENERATE_INFOPLIST_FILE = YES;
				INFOPLIST_KEY_UIApplicationSceneManifest_Generation = YES;
				INFOPLIST_KEY_UIApplicationSupportsIndirectInputEvents = YES;
				INFOPLIST_KEY_UILaunchScreen_Generation = YES;
				INFOPLIST_KEY_UISupportedInterfaceOrientations_iPad = "UIInterfaceOrientationPortrait UIInterfaceOrientationPortraitUpsideDown UIInterfaceOrientationLandscapeLeft UIInterfaceOrientationLandscapeRight";
				INFOPLIST_KEY_UISupportedInterfaceOrientations_iPhone = "UIInterfaceOrientationPortrait UIInterfaceOrientationLandscapeLeft UIInterfaceOrientationLandscapeRight";
				LD_RUNPATH_SEARCH_PATHS = (
					"$(inherited)",
					"@executable_path/Frameworks",
				);
				MARKETING_VERSION = 1.0;
				PRODUCT_BUNDLE_IDENTIFIER = com.vita.Challenge01;
				PRODUCT_NAME = "$(TARGET_NAME)";
				SWIFT_EMIT_LOC_STRINGS = YES;
				SWIFT_VERSION = 5.0;
				TARGETED_DEVICE_FAMILY = "1,2";
			};
			name = Release;
		};
		5A0745312BB949A000FFF940 /* Debug */ = {
			isa = XCBuildConfiguration;
			buildSettings = {
				ALWAYS_EMBED_SWIFT_STANDARD_LIBRARIES = YES;
				BUNDLE_LOADER = "$(TEST_HOST)";
				CODE_SIGN_STYLE = Automatic;
				CURRENT_PROJECT_VERSION = 1;
				DEVELOPMENT_TEAM = XH5QQL5ZUJ;
				GENERATE_INFOPLIST_FILE = YES;
				IPHONEOS_DEPLOYMENT_TARGET = 17.4;
				MARKETING_VERSION = 1.0;
				PRODUCT_BUNDLE_IDENTIFIER = com.vita.Challenge01Tests;
				PRODUCT_NAME = "$(TARGET_NAME)";
				SWIFT_EMIT_LOC_STRINGS = NO;
				SWIFT_VERSION = 5.0;
				TARGETED_DEVICE_FAMILY = "1,2";
				TEST_HOST = "$(BUILT_PRODUCTS_DIR)/Challenge01.app/$(BUNDLE_EXECUTABLE_FOLDER_PATH)/Challenge01";
			};
			name = Debug;
		};
		5A0745322BB949A000FFF940 /* Release */ = {
			isa = XCBuildConfiguration;
			buildSettings = {
				ALWAYS_EMBED_SWIFT_STANDARD_LIBRARIES = YES;
				BUNDLE_LOADER = "$(TEST_HOST)";
				CODE_SIGN_STYLE = Automatic;
				CURRENT_PROJECT_VERSION = 1;
				DEVELOPMENT_TEAM = XH5QQL5ZUJ;
				GENERATE_INFOPLIST_FILE = YES;
				IPHONEOS_DEPLOYMENT_TARGET = 17.4;
				MARKETING_VERSION = 1.0;
				PRODUCT_BUNDLE_IDENTIFIER = com.vita.Challenge01Tests;
				PRODUCT_NAME = "$(TARGET_NAME)";
				SWIFT_EMIT_LOC_STRINGS = NO;
				SWIFT_VERSION = 5.0;
				TARGETED_DEVICE_FAMILY = "1,2";
				TEST_HOST = "$(BUILT_PRODUCTS_DIR)/Challenge01.app/$(BUNDLE_EXECUTABLE_FOLDER_PATH)/Challenge01";
			};
			name = Release;
		};
		5A0745342BB949A000FFF940 /* Debug */ = {
			isa = XCBuildConfiguration;
			buildSettings = {
				ALWAYS_EMBED_SWIFT_STANDARD_LIBRARIES = YES;
				CODE_SIGN_STYLE = Automatic;
				CURRENT_PROJECT_VERSION = 1;
				DEVELOPMENT_TEAM = XH5QQL5ZUJ;
				GENERATE_INFOPLIST_FILE = YES;
				MARKETING_VERSION = 1.0;
				PRODUCT_BUNDLE_IDENTIFIER = com.vita.Challenge01UITests;
				PRODUCT_NAME = "$(TARGET_NAME)";
				SWIFT_EMIT_LOC_STRINGS = NO;
				SWIFT_VERSION = 5.0;
				TARGETED_DEVICE_FAMILY = "1,2";
				TEST_TARGET_NAME = Challenge01;
			};
			name = Debug;
		};
		5A0745352BB949A000FFF940 /* Release */ = {
			isa = XCBuildConfiguration;
			buildSettings = {
				ALWAYS_EMBED_SWIFT_STANDARD_LIBRARIES = YES;
				CODE_SIGN_STYLE = Automatic;
				CURRENT_PROJECT_VERSION = 1;
				DEVELOPMENT_TEAM = XH5QQL5ZUJ;
				GENERATE_INFOPLIST_FILE = YES;
				MARKETING_VERSION = 1.0;
				PRODUCT_BUNDLE_IDENTIFIER = com.vita.Challenge01UITests;
				PRODUCT_NAME = "$(TARGET_NAME)";
				SWIFT_EMIT_LOC_STRINGS = NO;
				SWIFT_VERSION = 5.0;
				TARGETED_DEVICE_FAMILY = "1,2";
				TEST_TARGET_NAME = Challenge01;
			};
			name = Release;
		};
/* End XCBuildConfiguration section */

/* Begin XCConfigurationList section */
		5A0745042BB9499E00FFF940 /* Build configuration list for PBXProject "Challenge01" */ = {
			isa = XCConfigurationList;
			buildConfigurations = (
				5A07452B2BB949A000FFF940 /* Debug */,
				5A07452C2BB949A000FFF940 /* Release */,
			);
			defaultConfigurationIsVisible = 0;
			defaultConfigurationName = Release;
		};
		5A07452D2BB949A000FFF940 /* Build configuration list for PBXNativeTarget "Challenge01" */ = {
			isa = XCConfigurationList;
			buildConfigurations = (
				5A07452E2BB949A000FFF940 /* Debug */,
				5A07452F2BB949A000FFF940 /* Release */,
			);
			defaultConfigurationIsVisible = 0;
			defaultConfigurationName = Release;
		};
		5A0745302BB949A000FFF940 /* Build configuration list for PBXNativeTarget "Challenge01Tests" */ = {
			isa = XCConfigurationList;
			buildConfigurations = (
				5A0745312BB949A000FFF940 /* Debug */,
				5A0745322BB949A000FFF940 /* Release */,
			);
			defaultConfigurationIsVisible = 0;
			defaultConfigurationName = Release;
		};
		5A0745332BB949A000FFF940 /* Build configuration list for PBXNativeTarget "Challenge01UITests" */ = {
			isa = XCConfigurationList;
			buildConfigurations = (
				5A0745342BB949A000FFF940 /* Debug */,
				5A0745352BB949A000FFF940 /* Release */,
			);
			defaultConfigurationIsVisible = 0;
			defaultConfigurationName = Release;
		};
/* End XCConfigurationList section */
	};
	rootObject = 5A0745012BB9499E00FFF940 /* Project object */;
}
