// !$*UTF8*$!
{
	archiveVersion = 1;
	classes = {
	};
	objectVersion = 56;
	objects = {

/* Begin PBXBuildFile section */
		5AA09C962BC01D3400C7BFCC /* CupcakeApp.swift in Sources */ = {isa = PBXBuildFile; fileRef = 5AA09C952BC01D3400C7BFCC /* CupcakeApp.swift */; };
		5AA09C982BC01D3400C7BFCC /* ContentView.swift in Sources */ = {isa = PBXBuildFile; fileRef = 5AA09C972BC01D3400C7BFCC /* ContentView.swift */; };
		5AA09C9A2BC01D3500C7BFCC /* Assets.xcassets in Resources */ = {isa = PBXBuildFile; fileRef = 5AA09C992BC01D3500C7BFCC /* Assets.xcassets */; };
		5AA09C9D2BC01D3500C7BFCC /* Preview Assets.xcassets in Resources */ = {isa = PBXBuildFile; fileRef = 5AA09C9C2BC01D3500C7BFCC /* Preview Assets.xcassets */; };
		5AA09CA72BC01D3500C7BFCC /* CupcakeTests.swift in Sources */ = {isa = PBXBuildFile; fileRef = 5AA09CA62BC01D3500C7BFCC /* CupcakeTests.swift */; };
		5AA09CB12BC01D3500C7BFCC /* CupcakeUITests.swift in Sources */ = {isa = PBXBuildFile; fileRef = 5AA09CB02BC01D3500C7BFCC /* CupcakeUITests.swift */; };
		5AA09CB32BC01D3500C7BFCC /* CupcakeUITestsLaunchTests.swift in Sources */ = {isa = PBXBuildFile; fileRef = 5AA09CB22BC01D3500C7BFCC /* CupcakeUITestsLaunchTests.swift */; };
		5AA09CC02BC026DF00C7BFCC /* OrderModel.swift in Sources */ = {isa = PBXBuildFile; fileRef = 5AA09CBF2BC026DF00C7BFCC /* OrderModel.swift */; };
		5AA09CC22BC027F600C7BFCC /* AddressView.swift in Sources */ = {isa = PBXBuildFile; fileRef = 5AA09CC12BC027F600C7BFCC /* AddressView.swift */; };
		5AA09CC42BC029C700C7BFCC /* CheckoutView.swift in Sources */ = {isa = PBXBuildFile; fileRef = 5AA09CC32BC029C700C7BFCC /* CheckoutView.swift */; };
/* End PBXBuildFile section */

/* Begin PBXContainerItemProxy section */
		5AA09CA32BC01D3500C7BFCC /* PBXContainerItemProxy */ = {
			isa = PBXContainerItemProxy;
			containerPortal = 5AA09C8A2BC01D3400C7BFCC /* Project object */;
			proxyType = 1;
			remoteGlobalIDString = 5AA09C912BC01D3400C7BFCC;
			remoteInfo = Cupcake;
		};
		5AA09CAD2BC01D3500C7BFCC /* PBXContainerItemProxy */ = {
			isa = PBXContainerItemProxy;
			containerPortal = 5AA09C8A2BC01D3400C7BFCC /* Project object */;
			proxyType = 1;
			remoteGlobalIDString = 5AA09C912BC01D3400C7BFCC;
			remoteInfo = Cupcake;
		};
/* End PBXContainerItemProxy section */

/* Begin PBXFileReference section */
		5AA09C922BC01D3400C7BFCC /* Cupcake.app */ = {isa = PBXFileReference; explicitFileType = wrapper.application; includeInIndex = 0; path = Cupcake.app; sourceTree = BUILT_PRODUCTS_DIR; };
		5AA09C952BC01D3400C7BFCC /* CupcakeApp.swift */ = {isa = PBXFileReference; lastKnownFileType = sourcecode.swift; path = CupcakeApp.swift; sourceTree = "<group>"; };
		5AA09C972BC01D3400C7BFCC /* ContentView.swift */ = {isa = PBXFileReference; lastKnownFileType = sourcecode.swift; path = ContentView.swift; sourceTree = "<group>"; };
		5AA09C992BC01D3500C7BFCC /* Assets.xcassets */ = {isa = PBXFileReference; lastKnownFileType = folder.assetcatalog; path = Assets.xcassets; sourceTree = "<group>"; };
		5AA09C9C2BC01D3500C7BFCC /* Preview Assets.xcassets */ = {isa = PBXFileReference; lastKnownFileType = folder.assetcatalog; path = "Preview Assets.xcassets"; sourceTree = "<group>"; };
		5AA09CA22BC01D3500C7BFCC /* CupcakeTests.xctest */ = {isa = PBXFileReference; explicitFileType = wrapper.cfbundle; includeInIndex = 0; path = CupcakeTests.xctest; sourceTree = BUILT_PRODUCTS_DIR; };
		5AA09CA62BC01D3500C7BFCC /* CupcakeTests.swift */ = {isa = PBXFileReference; lastKnownFileType = sourcecode.swift; path = CupcakeTests.swift; sourceTree = "<group>"; };
		5AA09CAC2BC01D3500C7BFCC /* CupcakeUITests.xctest */ = {isa = PBXFileReference; explicitFileType = wrapper.cfbundle; includeInIndex = 0; path = CupcakeUITests.xctest; sourceTree = BUILT_PRODUCTS_DIR; };
		5AA09CB02BC01D3500C7BFCC /* CupcakeUITests.swift */ = {isa = PBXFileReference; lastKnownFileType = sourcecode.swift; path = CupcakeUITests.swift; sourceTree = "<group>"; };
		5AA09CB22BC01D3500C7BFCC /* CupcakeUITestsLaunchTests.swift */ = {isa = PBXFileReference; lastKnownFileType = sourcecode.swift; path = CupcakeUITestsLaunchTests.swift; sourceTree = "<group>"; };
		5AA09CBF2BC026DF00C7BFCC /* OrderModel.swift */ = {isa = PBXFileReference; lastKnownFileType = sourcecode.swift; path = OrderModel.swift; sourceTree = "<group>"; };
		5AA09CC12BC027F600C7BFCC /* AddressView.swift */ = {isa = PBXFileReference; lastKnownFileType = sourcecode.swift; path = AddressView.swift; sourceTree = "<group>"; };
		5AA09CC32BC029C700C7BFCC /* CheckoutView.swift */ = {isa = PBXFileReference; lastKnownFileType = sourcecode.swift; path = CheckoutView.swift; sourceTree = "<group>"; };
/* End PBXFileReference section */

/* Begin PBXFrameworksBuildPhase section */
		5AA09C8F2BC01D3400C7BFCC /* Frameworks */ = {
			isa = PBXFrameworksBuildPhase;
			buildActionMask = 2147483647;
			files = (
			);
			runOnlyForDeploymentPostprocessing = 0;
		};
		5AA09C9F2BC01D3500C7BFCC /* Frameworks */ = {
			isa = PBXFrameworksBuildPhase;
			buildActionMask = 2147483647;
			files = (
			);
			runOnlyForDeploymentPostprocessing = 0;
		};
		5AA09CA92BC01D3500C7BFCC /* Frameworks */ = {
			isa = PBXFrameworksBuildPhase;
			buildActionMask = 2147483647;
			files = (
			);
			runOnlyForDeploymentPostprocessing = 0;
		};
/* End PBXFrameworksBuildPhase section */

/* Begin PBXGroup section */
		5AA09C892BC01D3400C7BFCC = {
			isa = PBXGroup;
			children = (
				5AA09C942BC01D3400C7BFCC /* Cupcake */,
				5AA09CA52BC01D3500C7BFCC /* CupcakeTests */,
				5AA09CAF2BC01D3500C7BFCC /* CupcakeUITests */,
				5AA09C932BC01D3400C7BFCC /* Products */,
			);
			sourceTree = "<group>";
		};
		5AA09C932BC01D3400C7BFCC /* Products */ = {
			isa = PBXGroup;
			children = (
				5AA09C922BC01D3400C7BFCC /* Cupcake.app */,
				5AA09CA22BC01D3500C7BFCC /* CupcakeTests.xctest */,
				5AA09CAC2BC01D3500C7BFCC /* CupcakeUITests.xctest */,
			);
			name = Products;
			sourceTree = "<group>";
		};
		5AA09C942BC01D3400C7BFCC /* Cupcake */ = {
			isa = PBXGroup;
			children = (
				5AA09C952BC01D3400C7BFCC /* CupcakeApp.swift */,
				5AA09C972BC01D3400C7BFCC /* ContentView.swift */,
				5AA09CC12BC027F600C7BFCC /* AddressView.swift */,
				5AA09CC32BC029C700C7BFCC /* CheckoutView.swift */,
				5AA09C992BC01D3500C7BFCC /* Assets.xcassets */,
				5AA09C9B2BC01D3500C7BFCC /* Preview Content */,
				5AA09CBF2BC026DF00C7BFCC /* OrderModel.swift */,
			);
			path = Cupcake;
			sourceTree = "<group>";
		};
		5AA09C9B2BC01D3500C7BFCC /* Preview Content */ = {
			isa = PBXGroup;
			children = (
				5AA09C9C2BC01D3500C7BFCC /* Preview Assets.xcassets */,
			);
			path = "Preview Content";
			sourceTree = "<group>";
		};
		5AA09CA52BC01D3500C7BFCC /* CupcakeTests */ = {
			isa = PBXGroup;
			children = (
				5AA09CA62BC01D3500C7BFCC /* CupcakeTests.swift */,
			);
			path = CupcakeTests;
			sourceTree = "<group>";
		};
		5AA09CAF2BC01D3500C7BFCC /* CupcakeUITests */ = {
			isa = PBXGroup;
			children = (
				5AA09CB02BC01D3500C7BFCC /* CupcakeUITests.swift */,
				5AA09CB22BC01D3500C7BFCC /* CupcakeUITestsLaunchTests.swift */,
			);
			path = CupcakeUITests;
			sourceTree = "<group>";
		};
/* End PBXGroup section */

/* Begin PBXNativeTarget section */
		5AA09C912BC01D3400C7BFCC /* Cupcake */ = {
			isa = PBXNativeTarget;
			buildConfigurationList = 5AA09CB62BC01D3500C7BFCC /* Build configuration list for PBXNativeTarget "Cupcake" */;
			buildPhases = (
				5AA09C8E2BC01D3400C7BFCC /* Sources */,
				5AA09C8F2BC01D3400C7BFCC /* Frameworks */,
				5AA09C902BC01D3400C7BFCC /* Resources */,
			);
			buildRules = (
			);
			dependencies = (
			);
			name = Cupcake;
			productName = Cupcake;
			productReference = 5AA09C922BC01D3400C7BFCC /* Cupcake.app */;
			productType = "com.apple.product-type.application";
		};
		5AA09CA12BC01D3500C7BFCC /* CupcakeTests */ = {
			isa = PBXNativeTarget;
			buildConfigurationList = 5AA09CB92BC01D3500C7BFCC /* Build configuration list for PBXNativeTarget "CupcakeTests" */;
			buildPhases = (
				5AA09C9E2BC01D3500C7BFCC /* Sources */,
				5AA09C9F2BC01D3500C7BFCC /* Frameworks */,
				5AA09CA02BC01D3500C7BFCC /* Resources */,
			);
			buildRules = (
			);
			dependencies = (
				5AA09CA42BC01D3500C7BFCC /* PBXTargetDependency */,
			);
			name = CupcakeTests;
			productName = CupcakeTests;
			productReference = 5AA09CA22BC01D3500C7BFCC /* CupcakeTests.xctest */;
			productType = "com.apple.product-type.bundle.unit-test";
		};
		5AA09CAB2BC01D3500C7BFCC /* CupcakeUITests */ = {
			isa = PBXNativeTarget;
			buildConfigurationList = 5AA09CBC2BC01D3500C7BFCC /* Build configuration list for PBXNativeTarget "CupcakeUITests" */;
			buildPhases = (
				5AA09CA82BC01D3500C7BFCC /* Sources */,
				5AA09CA92BC01D3500C7BFCC /* Frameworks */,
				5AA09CAA2BC01D3500C7BFCC /* Resources */,
			);
			buildRules = (
			);
			dependencies = (
				5AA09CAE2BC01D3500C7BFCC /* PBXTargetDependency */,
			);
			name = CupcakeUITests;
			productName = CupcakeUITests;
			productReference = 5AA09CAC2BC01D3500C7BFCC /* CupcakeUITests.xctest */;
			productType = "com.apple.product-type.bundle.ui-testing";
		};
/* End PBXNativeTarget section */

/* Begin PBXProject section */
		5AA09C8A2BC01D3400C7BFCC /* Project object */ = {
			isa = PBXProject;
			attributes = {
				BuildIndependentTargetsInParallel = 1;
				LastSwiftUpdateCheck = 1530;
				LastUpgradeCheck = 1530;
				TargetAttributes = {
					5AA09C912BC01D3400C7BFCC = {
						CreatedOnToolsVersion = 15.3;
					};
					5AA09CA12BC01D3500C7BFCC = {
						CreatedOnToolsVersion = 15.3;
						TestTargetID = 5AA09C912BC01D3400C7BFCC;
					};
					5AA09CAB2BC01D3500C7BFCC = {
						CreatedOnToolsVersion = 15.3;
						TestTargetID = 5AA09C912BC01D3400C7BFCC;
					};
				};
			};
			buildConfigurationList = 5AA09C8D2BC01D3400C7BFCC /* Build configuration list for PBXProject "Cupcake" */;
			compatibilityVersion = "Xcode 14.0";
			developmentRegion = en;
			hasScannedForEncodings = 0;
			knownRegions = (
				en,
				Base,
			);
			mainGroup = 5AA09C892BC01D3400C7BFCC;
			productRefGroup = 5AA09C932BC01D3400C7BFCC /* Products */;
			projectDirPath = "";
			projectRoot = "";
			targets = (
				5AA09C912BC01D3400C7BFCC /* Cupcake */,
				5AA09CA12BC01D3500C7BFCC /* CupcakeTests */,
				5AA09CAB2BC01D3500C7BFCC /* CupcakeUITests */,
			);
		};
/* End PBXProject section */

/* Begin PBXResourcesBuildPhase section */
		5AA09C902BC01D3400C7BFCC /* Resources */ = {
			isa = PBXResourcesBuildPhase;
			buildActionMask = 2147483647;
			files = (
				5AA09C9D2BC01D3500C7BFCC /* Preview Assets.xcassets in Resources */,
				5AA09C9A2BC01D3500C7BFCC /* Assets.xcassets in Resources */,
			);
			runOnlyForDeploymentPostprocessing = 0;
		};
		5AA09CA02BC01D3500C7BFCC /* Resources */ = {
			isa = PBXResourcesBuildPhase;
			buildActionMask = 2147483647;
			files = (
			);
			runOnlyForDeploymentPostprocessing = 0;
		};
		5AA09CAA2BC01D3500C7BFCC /* Resources */ = {
			isa = PBXResourcesBuildPhase;
			buildActionMask = 2147483647;
			files = (
			);
			runOnlyForDeploymentPostprocessing = 0;
		};
/* End PBXResourcesBuildPhase section */

/* Begin PBXSourcesBuildPhase section */
		5AA09C8E2BC01D3400C7BFCC /* Sources */ = {
			isa = PBXSourcesBuildPhase;
			buildActionMask = 2147483647;
			files = (
				5AA09C982BC01D3400C7BFCC /* ContentView.swift in Sources */,
				5AA09CC22BC027F600C7BFCC /* AddressView.swift in Sources */,
				5AA09CC42BC029C700C7BFCC /* CheckoutView.swift in Sources */,
				5AA09CC02BC026DF00C7BFCC /* OrderModel.swift in Sources */,
				5AA09C962BC01D3400C7BFCC /* CupcakeApp.swift in Sources */,
			);
			runOnlyForDeploymentPostprocessing = 0;
		};
		5AA09C9E2BC01D3500C7BFCC /* Sources */ = {
			isa = PBXSourcesBuildPhase;
			buildActionMask = 2147483647;
			files = (
				5AA09CA72BC01D3500C7BFCC /* CupcakeTests.swift in Sources */,
			);
			runOnlyForDeploymentPostprocessing = 0;
		};
		5AA09CA82BC01D3500C7BFCC /* Sources */ = {
			isa = PBXSourcesBuildPhase;
			buildActionMask = 2147483647;
			files = (
				5AA09CB12BC01D3500C7BFCC /* CupcakeUITests.swift in Sources */,
				5AA09CB32BC01D3500C7BFCC /* CupcakeUITestsLaunchTests.swift in Sources */,
			);
			runOnlyForDeploymentPostprocessing = 0;
		};
/* End PBXSourcesBuildPhase section */

/* Begin PBXTargetDependency section */
		5AA09CA42BC01D3500C7BFCC /* PBXTargetDependency */ = {
			isa = PBXTargetDependency;
			target = 5AA09C912BC01D3400C7BFCC /* Cupcake */;
			targetProxy = 5AA09CA32BC01D3500C7BFCC /* PBXContainerItemProxy */;
		};
		5AA09CAE2BC01D3500C7BFCC /* PBXTargetDependency */ = {
			isa = PBXTargetDependency;
			target = 5AA09C912BC01D3400C7BFCC /* Cupcake */;
			targetProxy = 5AA09CAD2BC01D3500C7BFCC /* PBXContainerItemProxy */;
		};
/* End PBXTargetDependency section */

/* Begin XCBuildConfiguration section */
		5AA09CB42BC01D3500C7BFCC /* Debug */ = {
			isa = XCBuildConfiguration;
			buildSettings = {
				ALWAYS_SEARCH_USER_PATHS = NO;
				ASSETCATALOG_COMPILER_GENERATE_SWIFT_ASSET_SYMBOL_EXTENSIONS = YES;
				CLANG_ANALYZER_NONNULL = YES;
				CLANG_ANALYZER_NUMBER_OBJECT_CONVERSION = YES_AGGRESSIVE;
				CLANG_CXX_LANGUAGE_STANDARD = "gnu++20";
				CLANG_ENABLE_MODULES = YES;
				CLANG_ENABLE_OBJC_ARC = YES;
				CLANG_ENABLE_OBJC_WEAK = YES;
				CLANG_WARN_BLOCK_CAPTURE_AUTORELEASING = YES;
				CLANG_WARN_BOOL_CONVERSION = YES;
				CLANG_WARN_COMMA = YES;
				CLANG_WARN_CONSTANT_CONVERSION = YES;
				CLANG_WARN_DEPRECATED_OBJC_IMPLEMENTATIONS = YES;
				CLANG_WARN_DIRECT_OBJC_ISA_USAGE = YES_ERROR;
				CLANG_WARN_DOCUMENTATION_COMMENTS = YES;
				CLANG_WARN_EMPTY_BODY = YES;
				CLANG_WARN_ENUM_CONVERSION = YES;
				CLANG_WARN_INFINITE_RECURSION = YES;
				CLANG_WARN_INT_CONVERSION = YES;
				CLANG_WARN_NON_LITERAL_NULL_CONVERSION = YES;
				CLANG_WARN_OBJC_IMPLICIT_RETAIN_SELF = YES;
				CLANG_WARN_OBJC_LITERAL_CONVERSION = YES;
				CLANG_WARN_OBJC_ROOT_CLASS = YES_ERROR;
				CLANG_WARN_QUOTED_INCLUDE_IN_FRAMEWORK_HEADER = YES;
				CLANG_WARN_RANGE_LOOP_ANALYSIS = YES;
				CLANG_WARN_STRICT_PROTOTYPES = YES;
				CLANG_WARN_SUSPICIOUS_MOVE = YES;
				CLANG_WARN_UNGUARDED_AVAILABILITY = YES_AGGRESSIVE;
				CLANG_WARN_UNREACHABLE_CODE = YES;
				CLANG_WARN__DUPLICATE_METHOD_MATCH = YES;
				COPY_PHASE_STRIP = NO;
				DEBUG_INFORMATION_FORMAT = dwarf;
				ENABLE_STRICT_OBJC_MSGSEND = YES;
				ENABLE_TESTABILITY = YES;
				ENABLE_USER_SCRIPT_SANDBOXING = YES;
				GCC_C_LANGUAGE_STANDARD = gnu17;
				GCC_DYNAMIC_NO_PIC = NO;
				GCC_NO_COMMON_BLOCKS = YES;
				GCC_OPTIMIZATION_LEVEL = 0;
				GCC_PREPROCESSOR_DEFINITIONS = (
					"DEBUG=1",
					"$(inherited)",
				);
				GCC_WARN_64_TO_32_BIT_CONVERSION = YES;
				GCC_WARN_ABOUT_RETURN_TYPE = YES_ERROR;
				GCC_WARN_UNDECLARED_SELECTOR = YES;
				GCC_WARN_UNINITIALIZED_AUTOS = YES_AGGRESSIVE;
				GCC_WARN_UNUSED_FUNCTION = YES;
				GCC_WARN_UNUSED_VARIABLE = YES;
				IPHONEOS_DEPLOYMENT_TARGET = 17.4;
				LOCALIZATION_PREFERS_STRING_CATALOGS = YES;
				MTL_ENABLE_DEBUG_INFO = INCLUDE_SOURCE;
				MTL_FAST_MATH = YES;
				ONLY_ACTIVE_ARCH = YES;
				SDKROOT = iphoneos;
				SWIFT_ACTIVE_COMPILATION_CONDITIONS = "DEBUG $(inherited)";
				SWIFT_OPTIMIZATION_LEVEL = "-Onone";
			};
			name = Debug;
		};
		5AA09CB52BC01D3500C7BFCC /* Release */ = {
			isa = XCBuildConfiguration;
			buildSettings = {
				ALWAYS_SEARCH_USER_PATHS = NO;
				ASSETCATALOG_COMPILER_GENERATE_SWIFT_ASSET_SYMBOL_EXTENSIONS = YES;
				CLANG_ANALYZER_NONNULL = YES;
				CLANG_ANALYZER_NUMBER_OBJECT_CONVERSION = YES_AGGRESSIVE;
				CLANG_CXX_LANGUAGE_STANDARD = "gnu++20";
				CLANG_ENABLE_MODULES = YES;
				CLANG_ENABLE_OBJC_ARC = YES;
				CLANG_ENABLE_OBJC_WEAK = YES;
				CLANG_WARN_BLOCK_CAPTURE_AUTORELEASING = YES;
				CLANG_WARN_BOOL_CONVERSION = YES;
				CLANG_WARN_COMMA = YES;
				CLANG_WARN_CONSTANT_CONVERSION = YES;
				CLANG_WARN_DEPRECATED_OBJC_IMPLEMENTATIONS = YES;
				CLANG_WARN_DIRECT_OBJC_ISA_USAGE = YES_ERROR;
				CLANG_WARN_DOCUMENTATION_COMMENTS = YES;
				CLANG_WARN_EMPTY_BODY = YES;
				CLANG_WARN_ENUM_CONVERSION = YES;
				CLANG_WARN_INFINITE_RECURSION = YES;
				CLANG_WARN_INT_CONVERSION = YES;
				CLANG_WARN_NON_LITERAL_NULL_CONVERSION = YES;
				CLANG_WARN_OBJC_IMPLICIT_RETAIN_SELF = YES;
				CLANG_WARN_OBJC_LITERAL_CONVERSION = YES;
				CLANG_WARN_OBJC_ROOT_CLASS = YES_ERROR;
				CLANG_WARN_QUOTED_INCLUDE_IN_FRAMEWORK_HEADER = YES;
				CLANG_WARN_RANGE_LOOP_ANALYSIS = YES;
				CLANG_WARN_STRICT_PROTOTYPES = YES;
				CLANG_WARN_SUSPICIOUS_MOVE = YES;
				CLANG_WARN_UNGUARDED_AVAILABILITY = YES_AGGRESSIVE;
				CLANG_WARN_UNREACHABLE_CODE = YES;
				CLANG_WARN__DUPLICATE_METHOD_MATCH = YES;
				COPY_PHASE_STRIP = NO;
				DEBUG_INFORMATION_FORMAT = "dwarf-with-dsym";
				ENABLE_NS_ASSERTIONS = NO;
				ENABLE_STRICT_OBJC_MSGSEND = YES;
				ENABLE_USER_SCRIPT_SANDBOXING = YES;
				GCC_C_LANGUAGE_STANDARD = gnu17;
				GCC_NO_COMMON_BLOCKS = YES;
				GCC_WARN_64_TO_32_BIT_CONVERSION = YES;
				GCC_WARN_ABOUT_RETURN_TYPE = YES_ERROR;
				GCC_WARN_UNDECLARED_SELECTOR = YES;
				GCC_WARN_UNINITIALIZED_AUTOS = YES_AGGRESSIVE;
				GCC_WARN_UNUSED_FUNCTION = YES;
				GCC_WARN_UNUSED_VARIABLE = YES;
				IPHONEOS_DEPLOYMENT_TARGET = 17.4;
				LOCALIZATION_PREFERS_STRING_CATALOGS = YES;
				MTL_ENABLE_DEBUG_INFO = NO;
				MTL_FAST_MATH = YES;
				SDKROOT = iphoneos;
				SWIFT_COMPILATION_MODE = wholemodule;
				VALIDATE_PRODUCT = YES;
			};
			name = Release;
		};
		5AA09CB72BC01D3500C7BFCC /* Debug */ = {
			isa = XCBuildConfiguration;
			buildSettings = {
				ASSETCATALOG_COMPILER_APPICON_NAME = AppIcon;
				ASSETCATALOG_COMPILER_GLOBAL_ACCENT_COLOR_NAME = AccentColor;
				CODE_SIGN_STYLE = Automatic;
				CURRENT_PROJECT_VERSION = 1;
				DEVELOPMENT_ASSET_PATHS = "\"Cupcake/Preview Content\"";
				DEVELOPMENT_TEAM = XH5QQL5ZUJ;
				ENABLE_PREVIEWS = YES;
				GENERATE_INFOPLIST_FILE = YES;
				INFOPLIST_KEY_UIApplicationSceneManifest_Generation = YES;
				INFOPLIST_KEY_UIApplicationSupportsIndirectInputEvents = YES;
				INFOPLIST_KEY_UILaunchScreen_Generation = YES;
				INFOPLIST_KEY_UISupportedInterfaceOrientations_iPad = "UIInterfaceOrientationPortrait UIInterfaceOrientationPortraitUpsideDown UIInterfaceOrientationLandscapeLeft UIInterfaceOrientationLandscapeRight";
				INFOPLIST_KEY_UISupportedInterfaceOrientations_iPhone = "UIInterfaceOrientationPortrait UIInterfaceOrientationLandscapeLeft UIInterfaceOrientationLandscapeRight";
				LD_RUNPATH_SEARCH_PATHS = (
					"$(inherited)",
					"@executable_path/Frameworks",
				);
				MARKETING_VERSION = 1.0;
				PRODUCT_BUNDLE_IDENTIFIER = com.vita.Cupcake;
				PRODUCT_NAME = "$(TARGET_NAME)";
				SWIFT_EMIT_LOC_STRINGS = YES;
				SWIFT_VERSION = 5.0;
				TARGETED_DEVICE_FAMILY = "1,2";
			};
			name = Debug;
		};
		5AA09CB82BC01D3500C7BFCC /* Release */ = {
			isa = XCBuildConfiguration;
			buildSettings = {
				ASSETCATALOG_COMPILER_APPICON_NAME = AppIcon;
				ASSETCATALOG_COMPILER_GLOBAL_ACCENT_COLOR_NAME = AccentColor;
				CODE_SIGN_STYLE = Automatic;
				CURRENT_PROJECT_VERSION = 1;
				DEVELOPMENT_ASSET_PATHS = "\"Cupcake/Preview Content\"";
				DEVELOPMENT_TEAM = XH5QQL5ZUJ;
				ENABLE_PREVIEWS = YES;
				GENERATE_INFOPLIST_FILE = YES;
				INFOPLIST_KEY_UIApplicationSceneManifest_Generation = YES;
				INFOPLIST_KEY_UIApplicationSupportsIndirectInputEvents = YES;
				INFOPLIST_KEY_UILaunchScreen_Generation = YES;
				INFOPLIST_KEY_UISupportedInterfaceOrientations_iPad = "UIInterfaceOrientationPortrait UIInterfaceOrientationPortraitUpsideDown UIInterfaceOrientationLandscapeLeft UIInterfaceOrientationLandscapeRight";
				INFOPLIST_KEY_UISupportedInterfaceOrientations_iPhone = "UIInterfaceOrientationPortrait UIInterfaceOrientationLandscapeLeft UIInterfaceOrientationLandscapeRight";
				LD_RUNPATH_SEARCH_PATHS = (
					"$(inherited)",
					"@executable_path/Frameworks",
				);
				MARKETING_VERSION = 1.0;
				PRODUCT_BUNDLE_IDENTIFIER = com.vita.Cupcake;
				PRODUCT_NAME = "$(TARGET_NAME)";
				SWIFT_EMIT_LOC_STRINGS = YES;
				SWIFT_VERSION = 5.0;
				TARGETED_DEVICE_FAMILY = "1,2";
			};
			name = Release;
		};
		5AA09CBA2BC01D3500C7BFCC /* Debug */ = {
			isa = XCBuildConfiguration;
			buildSettings = {
				ALWAYS_EMBED_SWIFT_STANDARD_LIBRARIES = YES;
				BUNDLE_LOADER = "$(TEST_HOST)";
				CODE_SIGN_STYLE = Automatic;
				CURRENT_PROJECT_VERSION = 1;
				DEVELOPMENT_TEAM = XH5QQL5ZUJ;
				GENERATE_INFOPLIST_FILE = YES;
				IPHONEOS_DEPLOYMENT_TARGET = 17.4;
				MARKETING_VERSION = 1.0;
				PRODUCT_BUNDLE_IDENTIFIER = com.vita.CupcakeTests;
				PRODUCT_NAME = "$(TARGET_NAME)";
				SWIFT_EMIT_LOC_STRINGS = NO;
				SWIFT_VERSION = 5.0;
				TARGETED_DEVICE_FAMILY = "1,2";
				TEST_HOST = "$(BUILT_PRODUCTS_DIR)/Cupcake.app/$(BUNDLE_EXECUTABLE_FOLDER_PATH)/Cupcake";
			};
			name = Debug;
		};
		5AA09CBB2BC01D3500C7BFCC /* Release */ = {
			isa = XCBuildConfiguration;
			buildSettings = {
				ALWAYS_EMBED_SWIFT_STANDARD_LIBRARIES = YES;
				BUNDLE_LOADER = "$(TEST_HOST)";
				CODE_SIGN_STYLE = Automatic;
				CURRENT_PROJECT_VERSION = 1;
				DEVELOPMENT_TEAM = XH5QQL5ZUJ;
				GENERATE_INFOPLIST_FILE = YES;
				IPHONEOS_DEPLOYMENT_TARGET = 17.4;
				MARKETING_VERSION = 1.0;
				PRODUCT_BUNDLE_IDENTIFIER = com.vita.CupcakeTests;
				PRODUCT_NAME = "$(TARGET_NAME)";
				SWIFT_EMIT_LOC_STRINGS = NO;
				SWIFT_VERSION = 5.0;
				TARGETED_DEVICE_FAMILY = "1,2";
				TEST_HOST = "$(BUILT_PRODUCTS_DIR)/Cupcake.app/$(BUNDLE_EXECUTABLE_FOLDER_PATH)/Cupcake";
			};
			name = Release;
		};
		5AA09CBD2BC01D3500C7BFCC /* Debug */ = {
			isa = XCBuildConfiguration;
			buildSettings = {
				ALWAYS_EMBED_SWIFT_STANDARD_LIBRARIES = YES;
				CODE_SIGN_STYLE = Automatic;
				CURRENT_PROJECT_VERSION = 1;
				DEVELOPMENT_TEAM = XH5QQL5ZUJ;
				GENERATE_INFOPLIST_FILE = YES;
				MARKETING_VERSION = 1.0;
				PRODUCT_BUNDLE_IDENTIFIER = com.vita.CupcakeUITests;
				PRODUCT_NAME = "$(TARGET_NAME)";
				SWIFT_EMIT_LOC_STRINGS = NO;
				SWIFT_VERSION = 5.0;
				TARGETED_DEVICE_FAMILY = "1,2";
				TEST_TARGET_NAME = Cupcake;
			};
			name = Debug;
		};
		5AA09CBE2BC01D3500C7BFCC /* Release */ = {
			isa = XCBuildConfiguration;
			buildSettings = {
				ALWAYS_EMBED_SWIFT_STANDARD_LIBRARIES = YES;
				CODE_SIGN_STYLE = Automatic;
				CURRENT_PROJECT_VERSION = 1;
				DEVELOPMENT_TEAM = XH5QQL5ZUJ;
				GENERATE_INFOPLIST_FILE = YES;
				MARKETING_VERSION = 1.0;
				PRODUCT_BUNDLE_IDENTIFIER = com.vita.CupcakeUITests;
				PRODUCT_NAME = "$(TARGET_NAME)";
				SWIFT_EMIT_LOC_STRINGS = NO;
				SWIFT_VERSION = 5.0;
				TARGETED_DEVICE_FAMILY = "1,2";
				TEST_TARGET_NAME = Cupcake;
			};
			name = Release;
		};
/* End XCBuildConfiguration section */

/* Begin XCConfigurationList section */
		5AA09C8D2BC01D3400C7BFCC /* Build configuration list for PBXProject "Cupcake" */ = {
			isa = XCConfigurationList;
			buildConfigurations = (
				5AA09CB42BC01D3500C7BFCC /* Debug */,
				5AA09CB52BC01D3500C7BFCC /* Release */,
			);
			defaultConfigurationIsVisible = 0;
			defaultConfigurationName = Release;
		};
		5AA09CB62BC01D3500C7BFCC /* Build configuration list for PBXNativeTarget "Cupcake" */ = {
			isa = XCConfigurationList;
			buildConfigurations = (
				5AA09CB72BC01D3500C7BFCC /* Debug */,
				5AA09CB82BC01D3500C7BFCC /* Release */,
			);
			defaultConfigurationIsVisible = 0;
			defaultConfigurationName = Release;
		};
		5AA09CB92BC01D3500C7BFCC /* Build configuration list for PBXNativeTarget "CupcakeTests" */ = {
			isa = XCConfigurationList;
			buildConfigurations = (
				5AA09CBA2BC01D3500C7BFCC /* Debug */,
				5AA09CBB2BC01D3500C7BFCC /* Release */,
			);
			defaultConfigurationIsVisible = 0;
			defaultConfigurationName = Release;
		};
		5AA09CBC2BC01D3500C7BFCC /* Build configuration list for PBXNativeTarget "CupcakeUITests" */ = {
			isa = XCConfigurationList;
			buildConfigurations = (
				5AA09CBD2BC01D3500C7BFCC /* Debug */,
				5AA09CBE2BC01D3500C7BFCC /* Release */,
			);
			defaultConfigurationIsVisible = 0;
			defaultConfigurationName = Release;
		};
/* End XCConfigurationList section */
	};
	rootObject = 5AA09C8A2BC01D3400C7BFCC /* Project object */;
}
